
Microsoft Visual Studio Solution File, Format Version 12.00
# Visual Studio Version 17
VisualStudioVersion = 17.7.34009.444
MinimumVisualStudioVersion = 10.0.40219.1
Project("{8BC9CEB8-8B4A-11D0-8D11-00A0C91BC942}") = "TriviaServer", "TriviaServer\TriviaServer.vcxproj", "{E205A295-C766-42D7-BAEF-9F0C87097E33}"
EndProject
Project("{FAE04EC0-301F-11D3-BF4B-00C04F79EFBC}") = "TriviaClient", "TriviaClient\TriviaClient.csproj", "{24582AC9-6D36-4E5E-9D56-42EE2881DBA3}"
EndProject
Global
	GlobalSection(SolutionConfigurationPlatforms) = preSolution
		Debug|Any CPU = Debug|Any CPU
		Debug|x64 = Debug|x64
		Debug|x86 = Debug|x86
		Release|Any CPU = Release|Any CPU
		Release|x64 = Release|x64
		Release|x86 = Release|x86
	EndGlobalSection
	GlobalSection(ProjectConfigurationPlatforms) = postSolution
		{E205A295-C766-42D7-BAEF-9F0C87097E33}.Debug|Any CPU.ActiveCfg = Debug|x64
		{E205A295-C766-42D7-BAEF-9F0C87097E33}.Debug|Any CPU.Build.0 = Debug|x64
		{E205A295-C766-42D7-BAEF-9F0C87097E33}.Debug|x64.ActiveCfg = Debug|x64
		{E205A295-C766-42D7-BAEF-9F0C87097E33}.Debug|x64.Build.0 = Debug|x64
		{E205A295-C766-42D7-BAEF-9F0C87097E33}.Debug|x86.ActiveCfg = Debug|Win32
		{E205A295-C766-42D7-BAEF-9F0C87097E33}.Debug|x86.Build.0 = Debug|Win32
		{E205A295-C766-42D7-BAEF-9F0C87097E33}.Release|Any CPU.ActiveCfg = Release|x64
		{E205A295-C766-42D7-BAEF-9F0C87097E33}.Release|Any CPU.Build.0 = Release|x64
		{E205A295-C766-42D7-BAEF-9F0C87097E33}.Release|x64.ActiveCfg = Release|x64
		{E205A295-C766-42D7-BAEF-9F0C87097E33}.Release|x64.Build.0 = Release|x64
		{E205A295-C766-42D7-BAEF-9F0C87097E33}.Release|x86.ActiveCfg = Release|Win32
		{E205A295-C766-42D7-BAEF-9F0C87097E33}.Release|x86.Build.0 = Release|Win32
		{24582AC9-6D36-4E5E-9D56-42EE2881DBA3}.Debug|Any CPU.ActiveCfg = Debug|Any CPU
		{24582AC9-6D36-4E5E-9D56-42EE2881DBA3}.Debug|Any CPU.Build.0 = Debug|Any CPU
		{24582AC9-6D36-4E5E-9D56-42EE2881DBA3}.Debug|x64.ActiveCfg = Debug|Any CPU
		{24582AC9-6D36-4E5E-9D56-42EE2881DBA3}.Debug|x64.Build.0 = Debug|Any CPU
		{24582AC9-6D36-4E5E-9D56-42EE2881DBA3}.Debug|x86.ActiveCfg = Debug|Any CPU
		{24582AC9-6D36-4E5E-9D56-42EE2881DBA3}.Debug|x86.Build.0 = Debug|Any CPU
		{24582AC9-6D36-4E5E-9D56-42EE2881DBA3}.Release|Any CPU.ActiveCfg = Release|Any CPU
		{24582AC9-6D36-4E5E-9D56-42EE2881DBA3}.Release|Any CPU.Build.0 = Release|Any CPU
		{24582AC9-6D36-4E5E-9D56-42EE2881DBA3}.Release|x64.ActiveCfg = Release|Any CPU
		{24582AC9-6D36-4E5E-9D56-42EE2881DBA3}.Release|x64.Build.0 = Release|Any CPU
		{24582AC9-6D36-4E5E-9D56-42EE2881DBA3}.Release|x86.ActiveCfg = Release|Any CPU
		{24582AC9-6D36-4E5E-9D56-42EE2881DBA3}.Release|x86.Build.0 = Release|Any CPU
	EndGlobalSection
	GlobalSection(SolutionProperties) = preSolution
		HideSolutionNode = FALSE
	EndGlobalSection
	GlobalSection(ExtensibilityGlobals) = postSolution
		SolutionGuid = {E108D20A-4826-4227-9B81-EAF578842F21}
	EndGlobalSection
EndGlobal
